
Microsoft Visual Studio Solution File, Format Version 12.00
# Visual Studio Version 16
VisualStudioVersion = 16.0.30804.86
MinimumVisualStudioVersion = 10.0.40219.1
Project("{FAE04EC0-301F-11D3-BF4B-00C04F79EFBC}") = "Project_datamanipulatie", "Project_datamanipulatie.csproj", "{B2478598-AE21-4B01-82DC-A5F93A654773}"
EndProject
Global
	GlobalSection(SolutionConfigurationPlatforms) = preSolution
		Debug|Any CPU = Debug|Any CPU
		Release|Any CPU = Release|Any CPU
	EndGlobalSection
	GlobalSection(ProjectConfigurationPlatforms) = postSolution
		{B2478598-AE21-4B01-82DC-A5F93A654773}.Debug|Any CPU.ActiveCfg = Debug|Any CPU
		{B2478598-AE21-4B01-82DC-A5F93A654773}.Debug|Any CPU.Build.0 = Debug|Any CPU
		{B2478598-AE21-4B01-82DC-A5F93A654773}.Release|Any CPU.ActiveCfg = Release|Any CPU
		{B2478598-AE21-4B01-82DC-A5F93A654773}.Release|Any CPU.Build.0 = Release|Any CPU
	EndGlobalSection
	GlobalSection(SolutionProperties) = preSolution
		HideSolutionNode = FALSE
	EndGlobalSection
	GlobalSection(ExtensibilityGlobals) = postSolution
		SolutionGuid = {7AD0A253-B643-4B39-8B41-49B2112BBA64}
	EndGlobalSection
EndGlobal
